// !$*UTF8*$!
{
	archiveVersion = 1;
	classes = {
	};
	objectVersion = 55;
	objects = {

/* Begin PBXBuildFile section */
		BF534ACF27C8735C00F6977C /* ViewModelExample.swift in Sources */ = {isa = PBXBuildFile; fileRef = BF534ACE27C8735C00F6977C /* ViewModelExample.swift */; };
		BF534AD127C8747800F6977C /* Post.swift in Sources */ = {isa = PBXBuildFile; fileRef = BF534AD027C8747700F6977C /* Post.swift */; };
		BF534AD327C8793E00F6977C /* ViewModelExample2.swift in Sources */ = {isa = PBXBuildFile; fileRef = BF534AD227C8793E00F6977C /* ViewModelExample2.swift */; };
		BF534AD527C879FF00F6977C /* ViewModelExample3.swift in Sources */ = {isa = PBXBuildFile; fileRef = BF534AD427C879FF00F6977C /* ViewModelExample3.swift */; };
		BF5785DF27DF245000EC1164 /* ChapterTwo.swift in Sources */ = {isa = PBXBuildFile; fileRef = BF5785DE27DF245000EC1164 /* ChapterTwo.swift */; };
		BF7055C127C5F5B600E753B2 /* CoinList.swift in Sources */ = {isa = PBXBuildFile; fileRef = BF7055C027C5F5B600E753B2 /* CoinList.swift */; };
		BF7055C327C5F6AD00E753B2 /* CryptoService.swift in Sources */ = {isa = PBXBuildFile; fileRef = BF7055C227C5F6AD00E753B2 /* CryptoService.swift */; };
		BF73F81627C353FA00417F09 /* CombineExampleApp.swift in Sources */ = {isa = PBXBuildFile; fileRef = BF73F81527C353FA00417F09 /* CombineExampleApp.swift */; };
		BF73F81827C353FA00417F09 /* ContentView.swift in Sources */ = {isa = PBXBuildFile; fileRef = BF73F81727C353FA00417F09 /* ContentView.swift */; };
		BF73F81A27C353FC00417F09 /* Assets.xcassets in Resources */ = {isa = PBXBuildFile; fileRef = BF73F81927C353FC00417F09 /* Assets.xcassets */; };
		BF73F81D27C353FC00417F09 /* Preview Assets.xcassets in Resources */ = {isa = PBXBuildFile; fileRef = BF73F81C27C353FC00417F09 /* Preview Assets.xcassets */; };
		BF8BE55327C49F8F001DB039 /* LoginView.swift in Sources */ = {isa = PBXBuildFile; fileRef = BF8BE55227C49F8F001DB039 /* LoginView.swift */; };
		BFABC24C27C7166800439BFF /* ListExample.swift in Sources */ = {isa = PBXBuildFile; fileRef = BFABC24B27C7166800439BFF /* ListExample.swift */; };
		BFABC24E27C7198F00439BFF /* CustomSearchBar.swift in Sources */ = {isa = PBXBuildFile; fileRef = BFABC24D27C7198F00439BFF /* CustomSearchBar.swift */; };
		BFBF033B27E0875100E47DD4 /* ChapterThree.swift in Sources */ = {isa = PBXBuildFile; fileRef = BFBF033A27E0875100E47DD4 /* ChapterThree.swift */; };
		BFEB5E1E27D0A010003BB4F0 /* ProgressView.swift in Sources */ = {isa = PBXBuildFile; fileRef = BFEB5E1D27D0A010003BB4F0 /* ProgressView.swift */; };
		BFEB5E2027D0A641003BB4F0 /* chapterOne.swift in Sources */ = {isa = PBXBuildFile; fileRef = BFEB5E1F27D0A641003BB4F0 /* chapterOne.swift */; };
		F5A84D2085BE8B018CEF86C0 /* Pods_CombineExample.framework in Frameworks */ = {isa = PBXBuildFile; fileRef = BCCEAA1229E43DE118957722 /* Pods_CombineExample.framework */; };
/* End PBXBuildFile section */

/* Begin PBXFileReference section */
		8113456D74CBF5BF7B5940AD /* Pods-CombineExample.debug.xcconfig */ = {isa = PBXFileReference; includeInIndex = 1; lastKnownFileType = text.xcconfig; name = "Pods-CombineExample.debug.xcconfig"; path = "Target Support Files/Pods-CombineExample/Pods-CombineExample.debug.xcconfig"; sourceTree = "<group>"; };
		BCCEAA1229E43DE118957722 /* Pods_CombineExample.framework */ = {isa = PBXFileReference; explicitFileType = wrapper.framework; includeInIndex = 0; path = Pods_CombineExample.framework; sourceTree = BUILT_PRODUCTS_DIR; };
		BF534ACE27C8735C00F6977C /* ViewModelExample.swift */ = {isa = PBXFileReference; lastKnownFileType = sourcecode.swift; path = ViewModelExample.swift; sourceTree = "<group>"; };
		BF534AD027C8747700F6977C /* Post.swift */ = {isa = PBXFileReference; lastKnownFileType = sourcecode.swift; path = Post.swift; sourceTree = "<group>"; };
		BF534AD227C8793E00F6977C /* ViewModelExample2.swift */ = {isa = PBXFileReference; lastKnownFileType = sourcecode.swift; path = ViewModelExample2.swift; sourceTree = "<group>"; };
		BF534AD427C879FF00F6977C /* ViewModelExample3.swift */ = {isa = PBXFileReference; lastKnownFileType = sourcecode.swift; path = ViewModelExample3.swift; sourceTree = "<group>"; };
		BF5785DE27DF245000EC1164 /* ChapterTwo.swift */ = {isa = PBXFileReference; lastKnownFileType = sourcecode.swift; path = ChapterTwo.swift; sourceTree = "<group>"; };
		BF7055C027C5F5B600E753B2 /* CoinList.swift */ = {isa = PBXFileReference; lastKnownFileType = sourcecode.swift; path = CoinList.swift; sourceTree = "<group>"; };
		BF7055C227C5F6AD00E753B2 /* CryptoService.swift */ = {isa = PBXFileReference; lastKnownFileType = sourcecode.swift; path = CryptoService.swift; sourceTree = "<group>"; };
		BF73F81227C353FA00417F09 /* CombineExample.app */ = {isa = PBXFileReference; explicitFileType = wrapper.application; includeInIndex = 0; path = CombineExample.app; sourceTree = BUILT_PRODUCTS_DIR; };
		BF73F81527C353FA00417F09 /* CombineExampleApp.swift */ = {isa = PBXFileReference; lastKnownFileType = sourcecode.swift; path = CombineExampleApp.swift; sourceTree = "<group>"; };
		BF73F81727C353FA00417F09 /* ContentView.swift */ = {isa = PBXFileReference; lastKnownFileType = sourcecode.swift; path = ContentView.swift; sourceTree = "<group>"; };
		BF73F81927C353FC00417F09 /* Assets.xcassets */ = {isa = PBXFileReference; lastKnownFileType = folder.assetcatalog; path = Assets.xcassets; sourceTree = "<group>"; };
		BF73F81C27C353FC00417F09 /* Preview Assets.xcassets */ = {isa = PBXFileReference; lastKnownFileType = folder.assetcatalog; path = "Preview Assets.xcassets"; sourceTree = "<group>"; };
		BF8BE55227C49F8F001DB039 /* LoginView.swift */ = {isa = PBXFileReference; lastKnownFileType = sourcecode.swift; path = LoginView.swift; sourceTree = "<group>"; };
		BFABC24B27C7166800439BFF /* ListExample.swift */ = {isa = PBXFileReference; lastKnownFileType = sourcecode.swift; path = ListExample.swift; sourceTree = "<group>"; };
		BFABC24D27C7198F00439BFF /* CustomSearchBar.swift */ = {isa = PBXFileReference; lastKnownFileType = sourcecode.swift; path = CustomSearchBar.swift; sourceTree = "<group>"; };
		BFBF033A27E0875100E47DD4 /* ChapterThree.swift */ = {isa = PBXFileReference; lastKnownFileType = sourcecode.swift; path = ChapterThree.swift; sourceTree = "<group>"; };
		BFEB5E1D27D0A010003BB4F0 /* ProgressView.swift */ = {isa = PBXFileReference; lastKnownFileType = sourcecode.swift; path = ProgressView.swift; sourceTree = "<group>"; };
		BFEB5E1F27D0A641003BB4F0 /* chapterOne.swift */ = {isa = PBXFileReference; lastKnownFileType = sourcecode.swift; path = chapterOne.swift; sourceTree = "<group>"; };
		C528E9C251C5FE92716693E7 /* Pods-CombineExample.release.xcconfig */ = {isa = PBXFileReference; includeInIndex = 1; lastKnownFileType = text.xcconfig; name = "Pods-CombineExample.release.xcconfig"; path = "Target Support Files/Pods-CombineExample/Pods-CombineExample.release.xcconfig"; sourceTree = "<group>"; };
/* End PBXFileReference section */

/* Begin PBXFrameworksBuildPhase section */
		BF73F80F27C353FA00417F09 /* Frameworks */ = {
			isa = PBXFrameworksBuildPhase;
			buildActionMask = 2147483647;
			files = (
				F5A84D2085BE8B018CEF86C0 /* Pods_CombineExample.framework in Frameworks */,
			);
			runOnlyForDeploymentPostprocessing = 0;
		};
/* End PBXFrameworksBuildPhase section */

/* Begin PBXGroup section */
		11B972B2BDC9A25B85D45E1E /* Frameworks */ = {
			isa = PBXGroup;
			children = (
				BCCEAA1229E43DE118957722 /* Pods_CombineExample.framework */,
			);
			name = Frameworks;
			sourceTree = "<group>";
		};
		3E5BC92D039B8FBDF1175D85 /* Pods */ = {
			isa = PBXGroup;
			children = (
				8113456D74CBF5BF7B5940AD /* Pods-CombineExample.debug.xcconfig */,
				C528E9C251C5FE92716693E7 /* Pods-CombineExample.release.xcconfig */,
			);
			path = Pods;
			sourceTree = "<group>";
		};
		BF73F80927C353FA00417F09 = {
			isa = PBXGroup;
			children = (
				BF73F81427C353FA00417F09 /* CombineExample */,
				BF73F81327C353FA00417F09 /* Products */,
				3E5BC92D039B8FBDF1175D85 /* Pods */,
				11B972B2BDC9A25B85D45E1E /* Frameworks */,
			);
			sourceTree = "<group>";
		};
		BF73F81327C353FA00417F09 /* Products */ = {
			isa = PBXGroup;
			children = (
				BF73F81227C353FA00417F09 /* CombineExample.app */,
			);
			name = Products;
			sourceTree = "<group>";
		};
		BF73F81427C353FA00417F09 /* CombineExample */ = {
			isa = PBXGroup;
			children = (
				BF73F81527C353FA00417F09 /* CombineExampleApp.swift */,
				BF7055C027C5F5B600E753B2 /* CoinList.swift */,
				BF73F81727C353FA00417F09 /* ContentView.swift */,
				BF8BE55227C49F8F001DB039 /* LoginView.swift */,
				BF73F81927C353FC00417F09 /* Assets.xcassets */,
				BF73F81B27C353FC00417F09 /* Preview Content */,
				BF7055C227C5F6AD00E753B2 /* CryptoService.swift */,
				BFABC24B27C7166800439BFF /* ListExample.swift */,
				BFABC24D27C7198F00439BFF /* CustomSearchBar.swift */,
				BF534ACE27C8735C00F6977C /* ViewModelExample.swift */,
				BF534AD027C8747700F6977C /* Post.swift */,
				BF534AD227C8793E00F6977C /* ViewModelExample2.swift */,
				BF534AD427C879FF00F6977C /* ViewModelExample3.swift */,
				BFEB5E1D27D0A010003BB4F0 /* ProgressView.swift */,
				BF5785DE27DF245000EC1164 /* ChapterTwo.swift */,
				BFEB5E1F27D0A641003BB4F0 /* chapterOne.swift */,
				BFBF033A27E0875100E47DD4 /* ChapterThree.swift */,
			);
			path = CombineExample;
			sourceTree = "<group>";
		};
		BF73F81B27C353FC00417F09 /* Preview Content */ = {
			isa = PBXGroup;
			children = (
				BF73F81C27C353FC00417F09 /* Preview Assets.xcassets */,
			);
			path = "Preview Content";
			sourceTree = "<group>";
		};
/* End PBXGroup section */

/* Begin PBXNativeTarget section */
		BF73F81127C353FA00417F09 /* CombineExample */ = {
			isa = PBXNativeTarget;
			buildConfigurationList = BF73F82027C353FC00417F09 /* Build configuration list for PBXNativeTarget "CombineExample" */;
			buildPhases = (
				08F7FDA647CC3145B4A3F6CE /* [CP] Check Pods Manifest.lock */,
				BF73F80E27C353FA00417F09 /* Sources */,
				BF73F80F27C353FA00417F09 /* Frameworks */,
				BF73F81027C353FA00417F09 /* Resources */,
				B55B5EDAFCF79736BABA618A /* [CP] Embed Pods Frameworks */,
			);
			buildRules = (
			);
			dependencies = (
			);
			name = CombineExample;
			productName = CombineExample;
			productReference = BF73F81227C353FA00417F09 /* CombineExample.app */;
			productType = "com.apple.product-type.application";
		};
/* End PBXNativeTarget section */

/* Begin PBXProject section */
		BF73F80A27C353FA00417F09 /* Project object */ = {
			isa = PBXProject;
			attributes = {
				BuildIndependentTargetsInParallel = 1;
				LastSwiftUpdateCheck = 1320;
				LastUpgradeCheck = 1320;
				TargetAttributes = {
					BF73F81127C353FA00417F09 = {
						CreatedOnToolsVersion = 13.2;
					};
				};
			};
			buildConfigurationList = BF73F80D27C353FA00417F09 /* Build configuration list for PBXProject "CombineExample" */;
			compatibilityVersion = "Xcode 13.0";
			developmentRegion = en;
			hasScannedForEncodings = 0;
			knownRegions = (
				en,
				Base,
			);
			mainGroup = BF73F80927C353FA00417F09;
			productRefGroup = BF73F81327C353FA00417F09 /* Products */;
			projectDirPath = "";
			projectRoot = "";
			targets = (
				BF73F81127C353FA00417F09 /* CombineExample */,
			);
		};
/* End PBXProject section */

/* Begin PBXResourcesBuildPhase section */
		BF73F81027C353FA00417F09 /* Resources */ = {
			isa = PBXResourcesBuildPhase;
			buildActionMask = 2147483647;
			files = (
				BF73F81D27C353FC00417F09 /* Preview Assets.xcassets in Resources */,
				BF73F81A27C353FC00417F09 /* Assets.xcassets in Resources */,
			);
			runOnlyForDeploymentPostprocessing = 0;
		};
/* End PBXResourcesBuildPhase section */

/* Begin PBXShellScriptBuildPhase section */
		08F7FDA647CC3145B4A3F6CE /* [CP] Check Pods Manifest.lock */ = {
			isa = PBXShellScriptBuildPhase;
			buildActionMask = 2147483647;
			files = (
			);
			inputFileListPaths = (
			);
			inputPaths = (
				"${PODS_PODFILE_DIR_PATH}/Podfile.lock",
				"${PODS_ROOT}/Manifest.lock",
			);
			name = "[CP] Check Pods Manifest.lock";
			outputFileListPaths = (
			);
			outputPaths = (
				"$(DERIVED_FILE_DIR)/Pods-CombineExample-checkManifestLockResult.txt",
			);
			runOnlyForDeploymentPostprocessing = 0;
			shellPath = /bin/sh;
			shellScript = "diff \"${PODS_PODFILE_DIR_PATH}/Podfile.lock\" \"${PODS_ROOT}/Manifest.lock\" > /dev/null\nif [ $? != 0 ] ; then\n    # print error to STDERR\n    echo \"error: The sandbox is not in sync with the Podfile.lock. Run 'pod install' or update your CocoaPods installation.\" >&2\n    exit 1\nfi\n# This output is used by Xcode 'outputs' to avoid re-running this script phase.\necho \"SUCCESS\" > \"${SCRIPT_OUTPUT_FILE_0}\"\n";
			showEnvVarsInLog = 0;
		};
		B55B5EDAFCF79736BABA618A /* [CP] Embed Pods Frameworks */ = {
			isa = PBXShellScriptBuildPhase;
			buildActionMask = 2147483647;
			files = (
			);
			inputFileListPaths = (
				"${PODS_ROOT}/Target Support Files/Pods-CombineExample/Pods-CombineExample-frameworks-${CONFIGURATION}-input-files.xcfilelist",
			);
			name = "[CP] Embed Pods Frameworks";
			outputFileListPaths = (
				"${PODS_ROOT}/Target Support Files/Pods-CombineExample/Pods-CombineExample-frameworks-${CONFIGURATION}-output-files.xcfilelist",
			);
			runOnlyForDeploymentPostprocessing = 0;
			shellPath = /bin/sh;
			shellScript = "\"${PODS_ROOT}/Target Support Files/Pods-CombineExample/Pods-CombineExample-frameworks.sh\"\n";
			showEnvVarsInLog = 0;
		};
/* End PBXShellScriptBuildPhase section */

/* Begin PBXSourcesBuildPhase section */
		BF73F80E27C353FA00417F09 /* Sources */ = {
			isa = PBXSourcesBuildPhase;
			buildActionMask = 2147483647;
			files = (
				BFABC24E27C7198F00439BFF /* CustomSearchBar.swift in Sources */,
				BF534ACF27C8735C00F6977C /* ViewModelExample.swift in Sources */,
				BF8BE55327C49F8F001DB039 /* LoginView.swift in Sources */,
				BF73F81827C353FA00417F09 /* ContentView.swift in Sources */,
				BFEB5E2027D0A641003BB4F0 /* chapterOne.swift in Sources */,
				BF534AD527C879FF00F6977C /* ViewModelExample3.swift in Sources */,
				BF5785DF27DF245000EC1164 /* ChapterTwo.swift in Sources */,
				BFEB5E1E27D0A010003BB4F0 /* ProgressView.swift in Sources */,
				BF534AD327C8793E00F6977C /* ViewModelExample2.swift in Sources */,
				BF73F81627C353FA00417F09 /* CombineExampleApp.swift in Sources */,
				BF7055C327C5F6AD00E753B2 /* CryptoService.swift in Sources */,
				BF534AD127C8747800F6977C /* Post.swift in Sources */,
				BFBF033B27E0875100E47DD4 /* ChapterThree.swift in Sources */,
				BFABC24C27C7166800439BFF /* ListExample.swift in Sources */,
				BF7055C127C5F5B600E753B2 /* CoinList.swift in Sources */,
			);
			runOnlyForDeploymentPostprocessing = 0;
		};
/* End PBXSourcesBuildPhase section */

/* Begin XCBuildConfiguration section */
		BF73F81E27C353FC00417F09 /* Debug */ = {
			isa = XCBuildConfiguration;
			buildSettings = {
				ALWAYS_SEARCH_USER_PATHS = NO;
				CLANG_ANALYZER_NONNULL = YES;
				CLANG_ANALYZER_NUMBER_OBJECT_CONVERSION = YES_AGGRESSIVE;
				CLANG_CXX_LANGUAGE_STANDARD = "gnu++17";
				CLANG_CXX_LIBRARY = "libc++";
				CLANG_ENABLE_MODULES = YES;
				CLANG_ENABLE_OBJC_ARC = YES;
				CLANG_ENABLE_OBJC_WEAK = YES;
				CLANG_WARN_BLOCK_CAPTURE_AUTORELEASING = YES;
				CLANG_WARN_BOOL_CONVERSION = YES;
				CLANG_WARN_COMMA = YES;
				CLANG_WARN_CONSTANT_CONVERSION = YES;
				CLANG_WARN_DEPRECATED_OBJC_IMPLEMENTATIONS = YES;
				CLANG_WARN_DIRECT_OBJC_ISA_USAGE = YES_ERROR;
				CLANG_WARN_DOCUMENTATION_COMMENTS = YES;
				CLANG_WARN_EMPTY_BODY = YES;
				CLANG_WARN_ENUM_CONVERSION = YES;
				CLANG_WARN_INFINITE_RECURSION = YES;
				CLANG_WARN_INT_CONVERSION = YES;
				CLANG_WARN_NON_LITERAL_NULL_CONVERSION = YES;
				CLANG_WARN_OBJC_IMPLICIT_RETAIN_SELF = YES;
				CLANG_WARN_OBJC_LITERAL_CONVERSION = YES;
				CLANG_WARN_OBJC_ROOT_CLASS = YES_ERROR;
				CLANG_WARN_QUOTED_INCLUDE_IN_FRAMEWORK_HEADER = YES;
				CLANG_WARN_RANGE_LOOP_ANALYSIS = YES;
				CLANG_WARN_STRICT_PROTOTYPES = YES;
				CLANG_WARN_SUSPICIOUS_MOVE = YES;
				CLANG_WARN_UNGUARDED_AVAILABILITY = YES_AGGRESSIVE;
				CLANG_WARN_UNREACHABLE_CODE = YES;
				CLANG_WARN__DUPLICATE_METHOD_MATCH = YES;
				COPY_PHASE_STRIP = NO;
				DEBUG_INFORMATION_FORMAT = dwarf;
				ENABLE_STRICT_OBJC_MSGSEND = YES;
				ENABLE_TESTABILITY = YES;
				GCC_C_LANGUAGE_STANDARD = gnu11;
				GCC_DYNAMIC_NO_PIC = NO;
				GCC_NO_COMMON_BLOCKS = YES;
				GCC_OPTIMIZATION_LEVEL = 0;
				GCC_PREPROCESSOR_DEFINITIONS = (
					"DEBUG=1",
					"$(inherited)",
				);
				GCC_WARN_64_TO_32_BIT_CONVERSION = YES;
				GCC_WARN_ABOUT_RETURN_TYPE = YES_ERROR;
				GCC_WARN_UNDECLARED_SELECTOR = YES;
				GCC_WARN_UNINITIALIZED_AUTOS = YES_AGGRESSIVE;
				GCC_WARN_UNUSED_FUNCTION = YES;
				GCC_WARN_UNUSED_VARIABLE = YES;
				IPHONEOS_DEPLOYMENT_TARGET = 15.2;
				MTL_ENABLE_DEBUG_INFO = INCLUDE_SOURCE;
				MTL_FAST_MATH = YES;
				ONLY_ACTIVE_ARCH = YES;
				SDKROOT = iphoneos;
				SWIFT_ACTIVE_COMPILATION_CONDITIONS = DEBUG;
				SWIFT_OPTIMIZATION_LEVEL = "-Onone";
			};
			name = Debug;
		};
		BF73F81F27C353FC00417F09 /* Release */ = {
			isa = XCBuildConfiguration;
			buildSettings = {
				ALWAYS_SEARCH_USER_PATHS = NO;
				CLANG_ANALYZER_NONNULL = YES;
				CLANG_ANALYZER_NUMBER_OBJECT_CONVERSION = YES_AGGRESSIVE;
				CLANG_CXX_LANGUAGE_STANDARD = "gnu++17";
				CLANG_CXX_LIBRARY = "libc++";
				CLANG_ENABLE_MODULES = YES;
				CLANG_ENABLE_OBJC_ARC = YES;
				CLANG_ENABLE_OBJC_WEAK = YES;
				CLANG_WARN_BLOCK_CAPTURE_AUTORELEASING = YES;
				CLANG_WARN_BOOL_CONVERSION = YES;
				CLANG_WARN_COMMA = YES;
				CLANG_WARN_CONSTANT_CONVERSION = YES;
				CLANG_WARN_DEPRECATED_OBJC_IMPLEMENTATIONS = YES;
				CLANG_WARN_DIRECT_OBJC_ISA_USAGE = YES_ERROR;
				CLANG_WARN_DOCUMENTATION_COMMENTS = YES;
				CLANG_WARN_EMPTY_BODY = YES;
				CLANG_WARN_ENUM_CONVERSION = YES;
				CLANG_WARN_INFINITE_RECURSION = YES;
				CLANG_WARN_INT_CONVERSION = YES;
				CLANG_WARN_NON_LITERAL_NULL_CONVERSION = YES;
				CLANG_WARN_OBJC_IMPLICIT_RETAIN_SELF = YES;
				CLANG_WARN_OBJC_LITERAL_CONVERSION = YES;
				CLANG_WARN_OBJC_ROOT_CLASS = YES_ERROR;
				CLANG_WARN_QUOTED_INCLUDE_IN_FRAMEWORK_HEADER = YES;
				CLANG_WARN_RANGE_LOOP_ANALYSIS = YES;
				CLANG_WARN_STRICT_PROTOTYPES = YES;
				CLANG_WARN_SUSPICIOUS_MOVE = YES;
				CLANG_WARN_UNGUARDED_AVAILABILITY = YES_AGGRESSIVE;
				CLANG_WARN_UNREACHABLE_CODE = YES;
				CLANG_WARN__DUPLICATE_METHOD_MATCH = YES;
				COPY_PHASE_STRIP = NO;
				DEBUG_INFORMATION_FORMAT = "dwarf-with-dsym";
				ENABLE_NS_ASSERTIONS = NO;
				ENABLE_STRICT_OBJC_MSGSEND = YES;
				GCC_C_LANGUAGE_STANDARD = gnu11;
				GCC_NO_COMMON_BLOCKS = YES;
				GCC_WARN_64_TO_32_BIT_CONVERSION = YES;
				GCC_WARN_ABOUT_RETURN_TYPE = YES_ERROR;
				GCC_WARN_UNDECLARED_SELECTOR = YES;
				GCC_WARN_UNINITIALIZED_AUTOS = YES_AGGRESSIVE;
				GCC_WARN_UNUSED_FUNCTION = YES;
				GCC_WARN_UNUSED_VARIABLE = YES;
				IPHONEOS_DEPLOYMENT_TARGET = 15.2;
				MTL_ENABLE_DEBUG_INFO = NO;
				MTL_FAST_MATH = YES;
				SDKROOT = iphoneos;
				SWIFT_COMPILATION_MODE = wholemodule;
				SWIFT_OPTIMIZATION_LEVEL = "-O";
				VALIDATE_PRODUCT = YES;
			};
			name = Release;
		};
		BF73F82127C353FC00417F09 /* Debug */ = {
			isa = XCBuildConfiguration;
			baseConfigurationReference = 8113456D74CBF5BF7B5940AD /* Pods-CombineExample.debug.xcconfig */;
			buildSettings = {
				ASSETCATALOG_COMPILER_APPICON_NAME = AppIcon;
				ASSETCATALOG_COMPILER_GLOBAL_ACCENT_COLOR_NAME = AccentColor;
				CODE_SIGN_STYLE = Automatic;
				CURRENT_PROJECT_VERSION = 1;
				DEVELOPMENT_ASSET_PATHS = "\"CombineExample/Preview Content\"";
				DEVELOPMENT_TEAM = GX47BK9CV6;
				ENABLE_PREVIEWS = YES;
				GENERATE_INFOPLIST_FILE = YES;
				INFOPLIST_KEY_UIApplicationSceneManifest_Generation = YES;
				INFOPLIST_KEY_UIApplicationSupportsIndirectInputEvents = YES;
				INFOPLIST_KEY_UILaunchScreen_Generation = YES;
				INFOPLIST_KEY_UISupportedInterfaceOrientations_iPad = "UIInterfaceOrientationPortrait UIInterfaceOrientationPortraitUpsideDown UIInterfaceOrientationLandscapeLeft UIInterfaceOrientationLandscapeRight";
				INFOPLIST_KEY_UISupportedInterfaceOrientations_iPhone = "UIInterfaceOrientationPortrait UIInterfaceOrientationLandscapeLeft UIInterfaceOrientationLandscapeRight";
				LD_RUNPATH_SEARCH_PATHS = (
					"$(inherited)",
					"@executable_path/Frameworks",
				);
				MARKETING_VERSION = 1.0;
				PRODUCT_BUNDLE_IDENTIFIER = com.practice.CombineExample;
				PRODUCT_NAME = "$(TARGET_NAME)";
				SWIFT_EMIT_LOC_STRINGS = YES;
				SWIFT_VERSION = 5.0;
				TARGETED_DEVICE_FAMILY = "1,2";
			};
			name = Debug;
		};
		BF73F82227C353FC00417F09 /* Release */ = {
			isa = XCBuildConfiguration;
			baseConfigurationReference = C528E9C251C5FE92716693E7 /* Pods-CombineExample.release.xcconfig */;
			buildSettings = {
				ASSETCATALOG_COMPILER_APPICON_NAME = AppIcon;
				ASSETCATALOG_COMPILER_GLOBAL_ACCENT_COLOR_NAME = AccentColor;
				CODE_SIGN_STYLE = Automatic;
				CURRENT_PROJECT_VERSION = 1;
				DEVELOPMENT_ASSET_PATHS = "\"CombineExample/Preview Content\"";
				DEVELOPMENT_TEAM = GX47BK9CV6;
				ENABLE_PREVIEWS = YES;
				GENERATE_INFOPLIST_FILE = YES;
				INFOPLIST_KEY_UIApplicationSceneManifest_Generation = YES;
				INFOPLIST_KEY_UIApplicationSupportsIndirectInputEvents = YES;
				INFOPLIST_KEY_UILaunchScreen_Generation = YES;
				INFOPLIST_KEY_UISupportedInterfaceOrientations_iPad = "UIInterfaceOrientationPortrait UIInterfaceOrientationPortraitUpsideDown UIInterfaceOrientationLandscapeLeft UIInterfaceOrientationLandscapeRight";
				INFOPLIST_KEY_UISupportedInterfaceOrientations_iPhone = "UIInterfaceOrientationPortrait UIInterfaceOrientationLandscapeLeft UIInterfaceOrientationLandscapeRight";
				LD_RUNPATH_SEARCH_PATHS = (
					"$(inherited)",
					"@executable_path/Frameworks",
				);
				MARKETING_VERSION = 1.0;
				PRODUCT_BUNDLE_IDENTIFIER = com.practice.CombineExample;
				PRODUCT_NAME = "$(TARGET_NAME)";
				SWIFT_EMIT_LOC_STRINGS = YES;
				SWIFT_VERSION = 5.0;
				TARGETED_DEVICE_FAMILY = "1,2";
			};
			name = Release;
		};
/* End XCBuildConfiguration section */

/* Begin XCConfigurationList section */
		BF73F80D27C353FA00417F09 /* Build configuration list for PBXProject "CombineExample" */ = {
			isa = XCConfigurationList;
			buildConfigurations = (
				BF73F81E27C353FC00417F09 /* Debug */,
				BF73F81F27C353FC00417F09 /* Release */,
			);
			defaultConfigurationIsVisible = 0;
			defaultConfigurationName = Release;
		};
		BF73F82027C353FC00417F09 /* Build configuration list for PBXNativeTarget "CombineExample" */ = {
			isa = XCConfigurationList;
			buildConfigurations = (
				BF73F82127C353FC00417F09 /* Debug */,
				BF73F82227C353FC00417F09 /* Release */,
			);
			defaultConfigurationIsVisible = 0;
			defaultConfigurationName = Release;
		};
/* End XCConfigurationList section */
	};
	rootObject = BF73F80A27C353FA00417F09 /* Project object */;
}
